
Microsoft Visual Studio Solution File, Format Version 12.00
# Visual Studio 2012
Project("{FAE04EC0-301F-11D3-BF4B-00C04F79EFBC}") = "LayoutKit.Xamarin", "LayoutKit.Xamarin\LayoutKit.Xamarin.csproj", "{FCD8FAB2-AA5D-491C-81D3-DC2CD9AFDE29}"
EndProject
Global
	GlobalSection(SolutionConfigurationPlatforms) = preSolution
		Debug|Any CPU = Debug|Any CPU
		Release|Any CPU = Release|Any CPU
	EndGlobalSection
	GlobalSection(ProjectConfigurationPlatforms) = postSolution
		{FCD8FAB2-AA5D-491C-81D3-DC2CD9AFDE29}.Debug|Any CPU.ActiveCfg = Debug|Any CPU
		{FCD8FAB2-AA5D-491C-81D3-DC2CD9AFDE29}.Debug|Any CPU.Build.0 = Debug|Any CPU
		{FCD8FAB2-AA5D-491C-81D3-DC2CD9AFDE29}.Release|Any CPU.ActiveCfg = Release|Any CPU
		{FCD8FAB2-AA5D-491C-81D3-DC2CD9AFDE29}.Release|Any CPU.Build.0 = Release|Any CPU
	EndGlobalSection
EndGlobal
